
Microsoft Visual Studio Solution File, Format Version 12.00
# Visual Studio Version 16
VisualStudioVersion = 16.0.30114.105
MinimumVisualStudioVersion = 10.0.40219.1
Project("{FAE04EC0-301F-11D3-BF4B-00C04F79EFBC}") = "Condominio.Application", "Condominio.Application\Condominio.Application.csproj", "{1FDD9CD0-30F0-415D-85F4-940F4C6CFDF5}"
EndProject
Project("{FAE04EC0-301F-11D3-BF4B-00C04F79EFBC}") = "Condominio.Domain", "Condominio.Domain\Condominio.Domain.csproj", "{6E9B6BF3-5E81-412D-8CD8-867CE1EB129F}"
EndProject
Project("{FAE04EC0-301F-11D3-BF4B-00C04F79EFBC}") = "Condominio.Infra.Data", "Condominio.Infra.Data\Condominio.Infra.Data.csproj", "{1263ABBC-95FE-44FE-9AC8-22136077C0A2}"
EndProject
Project("{FAE04EC0-301F-11D3-BF4B-00C04F79EFBC}") = "Condominio.API", "Condominio.API\Condominio.API.csproj", "{D83B3AD3-A48C-4516-8B12-5C11F091EE36}"
EndProject
Project("{FAE04EC0-301F-11D3-BF4B-00C04F79EFBC}") = "Condominio.Tests", "Condominio.Tests\Condominio.Tests.csproj", "{4EFEE3E1-6A4D-410B-8EF6-E2879E1B6E79}"
EndProject
Global
	GlobalSection(SolutionConfigurationPlatforms) = preSolution
		Debug|Any CPU = Debug|Any CPU
		Debug|x64 = Debug|x64
		Debug|x86 = Debug|x86
		Release|Any CPU = Release|Any CPU
		Release|x64 = Release|x64
		Release|x86 = Release|x86
	EndGlobalSection
	GlobalSection(SolutionProperties) = preSolution
		HideSolutionNode = FALSE
	EndGlobalSection
	GlobalSection(ProjectConfigurationPlatforms) = postSolution
		{1FDD9CD0-30F0-415D-85F4-940F4C6CFDF5}.Debug|Any CPU.ActiveCfg = Debug|Any CPU
		{1FDD9CD0-30F0-415D-85F4-940F4C6CFDF5}.Debug|Any CPU.Build.0 = Debug|Any CPU
		{1FDD9CD0-30F0-415D-85F4-940F4C6CFDF5}.Debug|x64.ActiveCfg = Debug|Any CPU
		{1FDD9CD0-30F0-415D-85F4-940F4C6CFDF5}.Debug|x64.Build.0 = Debug|Any CPU
		{1FDD9CD0-30F0-415D-85F4-940F4C6CFDF5}.Debug|x86.ActiveCfg = Debug|Any CPU
		{1FDD9CD0-30F0-415D-85F4-940F4C6CFDF5}.Debug|x86.Build.0 = Debug|Any CPU
		{1FDD9CD0-30F0-415D-85F4-940F4C6CFDF5}.Release|Any CPU.ActiveCfg = Release|Any CPU
		{1FDD9CD0-30F0-415D-85F4-940F4C6CFDF5}.Release|Any CPU.Build.0 = Release|Any CPU
		{1FDD9CD0-30F0-415D-85F4-940F4C6CFDF5}.Release|x64.ActiveCfg = Release|Any CPU
		{1FDD9CD0-30F0-415D-85F4-940F4C6CFDF5}.Release|x64.Build.0 = Release|Any CPU
		{1FDD9CD0-30F0-415D-85F4-940F4C6CFDF5}.Release|x86.ActiveCfg = Release|Any CPU
		{1FDD9CD0-30F0-415D-85F4-940F4C6CFDF5}.Release|x86.Build.0 = Release|Any CPU
		{6E9B6BF3-5E81-412D-8CD8-867CE1EB129F}.Debug|Any CPU.ActiveCfg = Debug|Any CPU
		{6E9B6BF3-5E81-412D-8CD8-867CE1EB129F}.Debug|Any CPU.Build.0 = Debug|Any CPU
		{6E9B6BF3-5E81-412D-8CD8-867CE1EB129F}.Debug|x64.ActiveCfg = Debug|Any CPU
		{6E9B6BF3-5E81-412D-8CD8-867CE1EB129F}.Debug|x64.Build.0 = Debug|Any CPU
		{6E9B6BF3-5E81-412D-8CD8-867CE1EB129F}.Debug|x86.ActiveCfg = Debug|Any CPU
		{6E9B6BF3-5E81-412D-8CD8-867CE1EB129F}.Debug|x86.Build.0 = Debug|Any CPU
		{6E9B6BF3-5E81-412D-8CD8-867CE1EB129F}.Release|Any CPU.ActiveCfg = Release|Any CPU
		{6E9B6BF3-5E81-412D-8CD8-867CE1EB129F}.Release|Any CPU.Build.0 = Release|Any CPU
		{6E9B6BF3-5E81-412D-8CD8-867CE1EB129F}.Release|x64.ActiveCfg = Release|Any CPU
		{6E9B6BF3-5E81-412D-8CD8-867CE1EB129F}.Release|x64.Build.0 = Release|Any CPU
		{6E9B6BF3-5E81-412D-8CD8-867CE1EB129F}.Release|x86.ActiveCfg = Release|Any CPU
		{6E9B6BF3-5E81-412D-8CD8-867CE1EB129F}.Release|x86.Build.0 = Release|Any CPU
		{1263ABBC-95FE-44FE-9AC8-22136077C0A2}.Debug|Any CPU.ActiveCfg = Debug|Any CPU
		{1263ABBC-95FE-44FE-9AC8-22136077C0A2}.Debug|Any CPU.Build.0 = Debug|Any CPU
		{1263ABBC-95FE-44FE-9AC8-22136077C0A2}.Debug|x64.ActiveCfg = Debug|Any CPU
		{1263ABBC-95FE-44FE-9AC8-22136077C0A2}.Debug|x64.Build.0 = Debug|Any CPU
		{1263ABBC-95FE-44FE-9AC8-22136077C0A2}.Debug|x86.ActiveCfg = Debug|Any CPU
		{1263ABBC-95FE-44FE-9AC8-22136077C0A2}.Debug|x86.Build.0 = Debug|Any CPU
		{1263ABBC-95FE-44FE-9AC8-22136077C0A2}.Release|Any CPU.ActiveCfg = Release|Any CPU
		{1263ABBC-95FE-44FE-9AC8-22136077C0A2}.Release|Any CPU.Build.0 = Release|Any CPU
		{1263ABBC-95FE-44FE-9AC8-22136077C0A2}.Release|x64.ActiveCfg = Release|Any CPU
		{1263ABBC-95FE-44FE-9AC8-22136077C0A2}.Release|x64.Build.0 = Release|Any CPU
		{1263ABBC-95FE-44FE-9AC8-22136077C0A2}.Release|x86.ActiveCfg = Release|Any CPU
		{1263ABBC-95FE-44FE-9AC8-22136077C0A2}.Release|x86.Build.0 = Release|Any CPU
		{D83B3AD3-A48C-4516-8B12-5C11F091EE36}.Debug|Any CPU.ActiveCfg = Debug|Any CPU
		{D83B3AD3-A48C-4516-8B12-5C11F091EE36}.Debug|Any CPU.Build.0 = Debug|Any CPU
		{D83B3AD3-A48C-4516-8B12-5C11F091EE36}.Debug|x64.ActiveCfg = Debug|Any CPU
		{D83B3AD3-A48C-4516-8B12-5C11F091EE36}.Debug|x64.Build.0 = Debug|Any CPU
		{D83B3AD3-A48C-4516-8B12-5C11F091EE36}.Debug|x86.ActiveCfg = Debug|Any CPU
		{D83B3AD3-A48C-4516-8B12-5C11F091EE36}.Debug|x86.Build.0 = Debug|Any CPU
		{D83B3AD3-A48C-4516-8B12-5C11F091EE36}.Release|Any CPU.ActiveCfg = Release|Any CPU
		{D83B3AD3-A48C-4516-8B12-5C11F091EE36}.Release|Any CPU.Build.0 = Release|Any CPU
		{D83B3AD3-A48C-4516-8B12-5C11F091EE36}.Release|x64.ActiveCfg = Release|Any CPU
		{D83B3AD3-A48C-4516-8B12-5C11F091EE36}.Release|x64.Build.0 = Release|Any CPU
		{D83B3AD3-A48C-4516-8B12-5C11F091EE36}.Release|x86.ActiveCfg = Release|Any CPU
		{D83B3AD3-A48C-4516-8B12-5C11F091EE36}.Release|x86.Build.0 = Release|Any CPU
		{4EFEE3E1-6A4D-410B-8EF6-E2879E1B6E79}.Debug|Any CPU.ActiveCfg = Debug|Any CPU
		{4EFEE3E1-6A4D-410B-8EF6-E2879E1B6E79}.Debug|Any CPU.Build.0 = Debug|Any CPU
		{4EFEE3E1-6A4D-410B-8EF6-E2879E1B6E79}.Debug|x64.ActiveCfg = Debug|Any CPU
		{4EFEE3E1-6A4D-410B-8EF6-E2879E1B6E79}.Debug|x64.Build.0 = Debug|Any CPU
		{4EFEE3E1-6A4D-410B-8EF6-E2879E1B6E79}.Debug|x86.ActiveCfg = Debug|Any CPU
		{4EFEE3E1-6A4D-410B-8EF6-E2879E1B6E79}.Debug|x86.Build.0 = Debug|Any CPU
		{4EFEE3E1-6A4D-410B-8EF6-E2879E1B6E79}.Release|Any CPU.ActiveCfg = Release|Any CPU
		{4EFEE3E1-6A4D-410B-8EF6-E2879E1B6E79}.Release|Any CPU.Build.0 = Release|Any CPU
		{4EFEE3E1-6A4D-410B-8EF6-E2879E1B6E79}.Release|x64.ActiveCfg = Release|Any CPU
		{4EFEE3E1-6A4D-410B-8EF6-E2879E1B6E79}.Release|x64.Build.0 = Release|Any CPU
		{4EFEE3E1-6A4D-410B-8EF6-E2879E1B6E79}.Release|x86.ActiveCfg = Release|Any CPU
		{4EFEE3E1-6A4D-410B-8EF6-E2879E1B6E79}.Release|x86.Build.0 = Release|Any CPU
	EndGlobalSection
EndGlobal
